#MicroXplorer Configuration settings - do not modify
Mcu.Family=STM32F1
ProjectManager.MainLocation=Core/Src
ProjectManager.ProjectFileName=code.ioc
FREERTOS.Tasks01=defaultTask,24,128,StartDefaultTask,Default,NULL,Dynamic,NULL,NULL
ProjectManager.KeepUserCode=true
Mcu.UserName=STM32F103R6Tx
PA10.Mode=Asynchronous
Mcu.PinsNb=9
ProjectManager.NoMain=false
USART1.BaudRate=9600
NVIC.SavedSvcallIrqHandlerGenerated=true
RCC.PLLCLKFreq_Value=8000000
USART1.WordLength=WORDLENGTH_9B
ProjectManager.functionlistsort=2-SystemClock_Config-RCC-false-HAL-false
PC0.GPIOParameters=GPIO_Speed,PinState,GPIO_PuPd,GPIO_ModeDefaultOutputPP
PC2.Signal=GPIO_Output
PC3.Locked=true
PC0.GPIO_ModeDefaultOutputPP=GPIO_MODE_OUTPUT_PP
ProjectManager.DefaultFWLocation=true
NVIC.TIM1_UP_IRQn=true\:0\:0\:false\:false\:true\:false\:false\:true
PC2.GPIO_Speed=GPIO_SPEED_FREQ_LOW
ProjectManager.DeletePrevious=true
USART1.IPParameters=VirtualMode,BaudRate,WordLength
PC0.Signal=GPIO_Output
PC1.Locked=true
VP_SYS_VS_ND.Mode=No_Debug
PinOutPanel.RotationAngle=0
RCC.FamilyName=M
PC3.GPIO_Speed=GPIO_SPEED_FREQ_LOW
ProjectManager.StackSize=0x400
PC3.PinState=GPIO_PIN_RESET
VP_FREERTOS_VS_CMSIS_V2.Mode=CMSIS_V2
PC3.GPIOParameters=GPIO_Speed,PinState,GPIO_PuPd,GPIO_ModeDefaultOutputPP
Mcu.IP4=USART1
NVIC.SVCall_IRQn=true\:0\:0\:false\:false\:false\:false\:false\:false
Mcu.IP2=RCC
Mcu.IP3=SYS
Mcu.IP0=FREERTOS
Mcu.IP1=NVIC
PA9.Mode=Asynchronous
PC0.GPIO_Speed=GPIO_SPEED_FREQ_LOW
Mcu.UserConstants=
ProjectManager.TargetToolchain=Makefile
PC1.GPIOParameters=GPIO_Speed,PinState,GPIO_PuPd,GPIO_ModeDefaultOutputPP
Mcu.ThirdPartyNb=0
Mcu.IPNb=5
ProjectManager.PreviousToolchain=
PA9.Signal=USART1_TX
PC3.Signal=GPIO_Output
Mcu.Pin6=VP_FREERTOS_VS_CMSIS_V2
PC2.Locked=true
Mcu.Pin7=VP_SYS_VS_ND
ProjectManager.RegisterCallBack=
Mcu.Pin8=VP_SYS_VS_tim1
FREERTOS.IPParameters=Tasks01,configTOTAL_HEAP_SIZE
PC1.PinState=GPIO_PIN_RESET
Mcu.Pin0=PC0
Mcu.Pin1=PC1
GPIO.groupedBy=Group By Peripherals
Mcu.Pin2=PC2
Mcu.Pin3=PC3
Mcu.Pin4=PA9
Mcu.Pin5=PA10
ProjectManager.ProjectBuild=false
NVIC.UsageFault_IRQn=true\:0\:0\:false\:false\:true\:false\:false\:false
NVIC.DebugMonitor_IRQn=true\:0\:0\:false\:false\:true\:false\:false\:false
board=custom
PC1.GPIO_PuPd=GPIO_PULLUP
NVIC.SysTick_IRQn=true\:15\:0\:false\:false\:false\:true\:false\:true
ProjectManager.LastFirmware=true
ProjectManager.FirmwarePackage=STM32Cube FW_F1 V1.8.3
MxDb.Version=DB.6.0.10
NVIC.SavedSystickIrqHandlerGenerated=true
RCC.APB2Freq_Value=8000000
ProjectManager.BackupPrevious=false
MxCube.Version=6.1.1
VP_SYS_VS_tim1.Signal=SYS_VS_tim1
VP_SYS_VS_tim1.Mode=TIM1
PC2.GPIOParameters=GPIO_Speed,PinState,GPIO_PuPd,GPIO_ModeDefaultOutputPP
File.Version=6
VP_SYS_VS_ND.Signal=SYS_VS_ND
PC1.GPIO_Speed=GPIO_SPEED_FREQ_LOW
NVIC.NonMaskableInt_IRQn=true\:0\:0\:false\:false\:true\:false\:false\:false
NVIC.PendSV_IRQn=true\:15\:0\:false\:false\:false\:true\:false\:false
PC2.GPIO_PuPd=GPIO_PULLUP
ProjectManager.FreePins=false
RCC.IPParameters=APB1Freq_Value,APB2Freq_Value,FamilyName,PLLCLKFreq_Value,PLLMCOFreq_Value,TimSysFreq_Value
ProjectManager.AskForMigrate=true
Mcu.Name=STM32F103R(4-6)Tx
ProjectManager.HalAssertFull=false
FREERTOS.configTOTAL_HEAP_SIZE=4096
NVIC.SavedPendsvIrqHandlerGenerated=true
ProjectManager.ProjectName=code
ProjectManager.UnderRoot=false
VP_FREERTOS_VS_CMSIS_V2.Signal=FREERTOS_VS_CMSIS_V2
RCC.PLLMCOFreq_Value=4000000
ProjectManager.CoupleFile=true
Mcu.Package=LQFP64
RCC.TimSysFreq_Value=8000000
NVIC.TimeBase=TIM1_UP_IRQn
PC2.PinState=GPIO_PIN_RESET
NVIC.ForceEnableDMAVector=true
KeepUserPlacement=false
NVIC.MemoryManagement_IRQn=true\:0\:0\:false\:false\:true\:false\:false\:false
USART1.VirtualMode=VM_ASYNC
ProjectManager.CompilerOptimize=6
ProjectManager.ToolChainLocation=
NVIC.TimeBaseIP=TIM1
PA10.Signal=USART1_RX
ProjectManager.HeapSize=0x200
NVIC.HardFault_IRQn=true\:0\:0\:false\:false\:true\:false\:false\:false
ProjectManager.ComputerToolchain=false
PC1.GPIO_ModeDefaultOutputPP=GPIO_MODE_OUTPUT_PP
NVIC.PriorityGroup=NVIC_PRIORITYGROUP_4
PC2.GPIO_ModeDefaultOutputPP=GPIO_MODE_OUTPUT_PP
NVIC.BusFault_IRQn=true\:0\:0\:false\:false\:true\:false\:false\:false
PC3.GPIO_ModeDefaultOutputPP=GPIO_MODE_OUTPUT_PP
PC0.GPIO_PuPd=GPIO_PULLUP
NVIC.USART1_IRQn=true\:5\:0\:false\:false\:true\:true\:true\:true
RCC.APB1Freq_Value=8000000
ProjectManager.CustomerFirmwarePackage=
PC0.Locked=true
PC0.PinState=GPIO_PIN_RESET
ProjectManager.DeviceId=STM32F103R6Tx
PC1.Signal=GPIO_Output
ProjectManager.LibraryCopy=1
PC3.GPIO_PuPd=GPIO_PULLUP
